
Microsoft Visual Studio Solution File, Format Version 12.00
# Visual Studio 14
VisualStudioVersion = 14.0.25420.1
MinimumVisualStudioVersion = 10.0.40219.1
Project("{9092AA53-FB77-4645-B42D-1CCCA6BD08BD}") = "ATsDoc", "ATsDoc\ATsDoc.njsproj", "{3003D3E9-881B-4A1A-A0E7-F9CCC86B721D}"
EndProject
Project("{2150E333-8FDC-42A3-9474-1A3956D46DE8}") = "Solution Items", "Solution Items", "{33EC930A-879E-4C2F-B52C-5E79C58DFEBA}"
	ProjectSection(SolutionItems) = preProject
		.gitattributes = .gitattributes
		.gitignore = .gitignore
		LICENSE = LICENSE
		README.md = README.md
	EndProjectSection
EndProject
Global
	GlobalSection(SolutionConfigurationPlatforms) = preSolution
		Debug|Any CPU = Debug|Any CPU
		Release|Any CPU = Release|Any CPU
	EndGlobalSection
	GlobalSection(ProjectConfigurationPlatforms) = postSolution
		{3003D3E9-881B-4A1A-A0E7-F9CCC86B721D}.Debug|Any CPU.ActiveCfg = Debug|Any CPU
		{3003D3E9-881B-4A1A-A0E7-F9CCC86B721D}.Debug|Any CPU.Build.0 = Debug|Any CPU
		{3003D3E9-881B-4A1A-A0E7-F9CCC86B721D}.Release|Any CPU.ActiveCfg = Release|Any CPU
		{3003D3E9-881B-4A1A-A0E7-F9CCC86B721D}.Release|Any CPU.Build.0 = Release|Any CPU
	EndGlobalSection
	GlobalSection(SolutionProperties) = preSolution
		HideSolutionNode = FALSE
	EndGlobalSection
EndGlobal
